# This file is @generated by PDM.
# It is not intended for manual editing.

[metadata]
groups = ["default"]
strategy = ["cross_platform", "inherit_metadata"]
lock_version = "4.4.1"
content_hash = "sha256:eec84547da1f92aeaaf06fcded1b319b1287e6995dc6ae87cabccc797faf7db1"

[[package]]
name = "cfgv"
version = "3.4.0"
requires_python = ">=3.8"
summary = "Validate configuration and produce human readable error messages."
groups = ["default"]
files = [
    {file = "cfgv-3.4.0-py2.py3-none-any.whl", hash = "sha256:b7265b1f29fd3316bfcd2b330d63d024f2bfd8bcb8b0272f8e19a504856c48f9"},
    {file = "cfgv-3.4.0.tar.gz", hash = "sha256:e52591d4c5f5dead8e0f673fb16db7949d2cfb3f7da4582893288f0ded8fe560"},
]

[[package]]
name = "colorama"
version = "0.4.6"
requires_python = "!=3.0.*,!=3.1.*,!=3.2.*,!=3.3.*,!=3.4.*,!=3.5.*,!=3.6.*,>=2.7"
summary = "Cross-platform colored terminal text."
groups = ["default"]
marker = "platform_system == \"Windows\""
files = [
    {file = "colorama-0.4.6-py2.py3-none-any.whl", hash = "sha256:4f1d9991f5acc0ca119f9d443620b77f9d6b33703e51011c16baf57afb285fc6"},
    {file = "colorama-0.4.6.tar.gz", hash = "sha256:08695f5cb7ed6e0531a20572697297273c47b8cae5a63ffc6d6ed5c201be6e44"},
]

[[package]]
name = "distlib"
version = "0.3.8"
summary = "Distribution utilities"
groups = ["default"]
files = [
    {file = "distlib-0.3.8-py2.py3-none-any.whl", hash = "sha256:034db59a0b96f8ca18035f36290806a9a6e6bd9d1ff91e45a7f172eb17e51784"},
    {file = "distlib-0.3.8.tar.gz", hash = "sha256:1530ea13e350031b6312d8580ddb6b27a104275a31106523b8f123787f494f64"},
]

[[package]]
name = "filelock"
version = "3.13.4"
requires_python = ">=3.8"
summary = "A platform independent file lock."
groups = ["default"]
files = [
    {file = "filelock-3.13.4-py3-none-any.whl", hash = "sha256:404e5e9253aa60ad457cae1be07c0f0ca90a63931200a47d9b6a6af84fd7b45f"},
    {file = "filelock-3.13.4.tar.gz", hash = "sha256:d13f466618bfde72bd2c18255e269f72542c6e70e7bac83a0232d6b1cc5c8cf4"},
]

[[package]]
name = "identify"
version = "2.5.36"
requires_python = ">=3.8"
summary = "File identification library for Python"
groups = ["default"]
files = [
    {file = "identify-2.5.36-py2.py3-none-any.whl", hash = "sha256:37d93f380f4de590500d9dba7db359d0d3da95ffe7f9de1753faa159e71e7dfa"},
    {file = "identify-2.5.36.tar.gz", hash = "sha256:e5e00f54165f9047fbebeb4a560f9acfb8af4c88232be60a488e9b68d122745d"},
]

[[package]]
name = "lxml"
version = "5.2.1"
requires_python = ">=3.6"
summary = "Powerful and Pythonic XML processing library combining libxml2/libxslt with the ElementTree API."
groups = ["default"]
files = [
    {file = "lxml-5.2.1-cp312-cp312-macosx_10_9_universal2.whl", hash = "sha256:abc25c3cab9ec7fcd299b9bcb3b8d4a1231877e425c650fa1c7576c5107ab851"},
    {file = "lxml-5.2.1-cp312-cp312-macosx_10_9_x86_64.whl", hash = "sha256:6935bbf153f9a965f1e07c2649c0849d29832487c52bb4a5c5066031d8b44fd5"},
    {file = "lxml-5.2.1-cp312-cp312-manylinux_2_12_i686.manylinux2010_i686.manylinux_2_17_i686.manylinux2014_i686.whl", hash = "sha256:d793bebb202a6000390a5390078e945bbb49855c29c7e4d56a85901326c3b5d9"},
    {file = "lxml-5.2.1-cp312-cp312-manylinux_2_17_aarch64.manylinux2014_aarch64.whl", hash = "sha256:afd5562927cdef7c4f5550374acbc117fd4ecc05b5007bdfa57cc5355864e0a4"},
    {file = "lxml-5.2.1-cp312-cp312-manylinux_2_17_ppc64le.manylinux2014_ppc64le.whl", hash = "sha256:0e7259016bc4345a31af861fdce942b77c99049d6c2107ca07dc2bba2435c1d9"},
    {file = "lxml-5.2.1-cp312-cp312-manylinux_2_17_s390x.manylinux2014_s390x.whl", hash = "sha256:530e7c04f72002d2f334d5257c8a51bf409db0316feee7c87e4385043be136af"},
    {file = "lxml-5.2.1-cp312-cp312-manylinux_2_17_x86_64.manylinux2014_x86_64.whl", hash = "sha256:59689a75ba8d7ffca577aefd017d08d659d86ad4585ccc73e43edbfc7476781a"},
    {file = "lxml-5.2.1-cp312-cp312-manylinux_2_28_aarch64.whl", hash = "sha256:f9737bf36262046213a28e789cc82d82c6ef19c85a0cf05e75c670a33342ac2c"},
    {file = "lxml-5.2.1-cp312-cp312-manylinux_2_28_ppc64le.whl", hash = "sha256:3a74c4f27167cb95c1d4af1c0b59e88b7f3e0182138db2501c353555f7ec57f4"},
    {file = "lxml-5.2.1-cp312-cp312-manylinux_2_28_s390x.whl", hash = "sha256:68a2610dbe138fa8c5826b3f6d98a7cfc29707b850ddcc3e21910a6fe51f6ca0"},
    {file = "lxml-5.2.1-cp312-cp312-manylinux_2_28_x86_64.whl", hash = "sha256:f0a1bc63a465b6d72569a9bba9f2ef0334c4e03958e043da1920299100bc7c08"},
    {file = "lxml-5.2.1-cp312-cp312-musllinux_1_1_aarch64.whl", hash = "sha256:c2d35a1d047efd68027817b32ab1586c1169e60ca02c65d428ae815b593e65d4"},
    {file = "lxml-5.2.1-cp312-cp312-musllinux_1_1_ppc64le.whl", hash = "sha256:79bd05260359170f78b181b59ce871673ed01ba048deef4bf49a36ab3e72e80b"},
    {file = "lxml-5.2.1-cp312-cp312-musllinux_1_1_s390x.whl", hash = "sha256:865bad62df277c04beed9478fe665b9ef63eb28fe026d5dedcb89b537d2e2ea6"},
    {file = "lxml-5.2.1-cp312-cp312-musllinux_1_1_x86_64.whl", hash = "sha256:44f6c7caff88d988db017b9b0e4ab04934f11e3e72d478031efc7edcac6c622f"},
    {file = "lxml-5.2.1-cp312-cp312-musllinux_1_2_aarch64.whl", hash = "sha256:71e97313406ccf55d32cc98a533ee05c61e15d11b99215b237346171c179c0b0"},
    {file = "lxml-5.2.1-cp312-cp312-musllinux_1_2_ppc64le.whl", hash = "sha256:057cdc6b86ab732cf361f8b4d8af87cf195a1f6dc5b0ff3de2dced242c2015e0"},
    {file = "lxml-5.2.1-cp312-cp312-musllinux_1_2_s390x.whl", hash = "sha256:f3bbbc998d42f8e561f347e798b85513ba4da324c2b3f9b7969e9c45b10f6169"},
    {file = "lxml-5.2.1-cp312-cp312-musllinux_1_2_x86_64.whl", hash = "sha256:491755202eb21a5e350dae00c6d9a17247769c64dcf62d8c788b5c135e179dc4"},
    {file = "lxml-5.2.1-cp312-cp312-win32.whl", hash = "sha256:8de8f9d6caa7f25b204fc861718815d41cbcf27ee8f028c89c882a0cf4ae4134"},
    {file = "lxml-5.2.1-cp312-cp312-win_amd64.whl", hash = "sha256:f2a9efc53d5b714b8df2b4b3e992accf8ce5bbdfe544d74d5c6766c9e1146a3a"},
    {file = "lxml-5.2.1-pp310-pypy310_pp73-macosx_10_9_x86_64.whl", hash = "sha256:9b0ff53900566bc6325ecde9181d89afadc59c5ffa39bddf084aaedfe3b06a11"},
    {file = "lxml-5.2.1-pp310-pypy310_pp73-manylinux_2_17_aarch64.manylinux2014_aarch64.whl", hash = "sha256:fd6037392f2d57793ab98d9e26798f44b8b4da2f2464388588f48ac52c489ea1"},
    {file = "lxml-5.2.1-pp310-pypy310_pp73-manylinux_2_17_x86_64.manylinux2014_x86_64.whl", hash = "sha256:8b9c07e7a45bb64e21df4b6aa623cb8ba214dfb47d2027d90eac197329bb5e94"},
    {file = "lxml-5.2.1-pp310-pypy310_pp73-manylinux_2_28_aarch64.whl", hash = "sha256:3249cc2989d9090eeac5467e50e9ec2d40704fea9ab72f36b034ea34ee65ca98"},
    {file = "lxml-5.2.1-pp310-pypy310_pp73-manylinux_2_28_x86_64.whl", hash = "sha256:f42038016852ae51b4088b2862126535cc4fc85802bfe30dea3500fdfaf1864e"},
    {file = "lxml-5.2.1-pp310-pypy310_pp73-win_amd64.whl", hash = "sha256:533658f8fbf056b70e434dff7e7aa611bcacb33e01f75de7f821810e48d1bb66"},
    {file = "lxml-5.2.1-pp37-pypy37_pp73-macosx_10_9_x86_64.whl", hash = "sha256:622020d4521e22fb371e15f580d153134bfb68d6a429d1342a25f051ec72df1c"},
    {file = "lxml-5.2.1-pp37-pypy37_pp73-manylinux_2_17_aarch64.manylinux2014_aarch64.whl", hash = "sha256:efa7b51824aa0ee957ccd5a741c73e6851de55f40d807f08069eb4c5a26b2baa"},
    {file = "lxml-5.2.1-pp37-pypy37_pp73-manylinux_2_17_x86_64.manylinux2014_x86_64.whl", hash = "sha256:9c6ad0fbf105f6bcc9300c00010a2ffa44ea6f555df1a2ad95c88f5656104817"},
    {file = "lxml-5.2.1-pp37-pypy37_pp73-manylinux_2_28_aarch64.whl", hash = "sha256:e233db59c8f76630c512ab4a4daf5a5986da5c3d5b44b8e9fc742f2a24dbd460"},
    {file = "lxml-5.2.1-pp37-pypy37_pp73-manylinux_2_28_x86_64.whl", hash = "sha256:6a014510830df1475176466b6087fc0c08b47a36714823e58d8b8d7709132a96"},
    {file = "lxml-5.2.1-pp37-pypy37_pp73-win_amd64.whl", hash = "sha256:d38c8f50ecf57f0463399569aa388b232cf1a2ffb8f0a9a5412d0db57e054860"},
    {file = "lxml-5.2.1-pp38-pypy38_pp73-macosx_10_9_x86_64.whl", hash = "sha256:5aea8212fb823e006b995c4dda533edcf98a893d941f173f6c9506126188860d"},
    {file = "lxml-5.2.1-pp38-pypy38_pp73-manylinux_2_17_aarch64.manylinux2014_aarch64.whl", hash = "sha256:ff097ae562e637409b429a7ac958a20aab237a0378c42dabaa1e3abf2f896e5f"},
    {file = "lxml-5.2.1-pp38-pypy38_pp73-manylinux_2_17_x86_64.manylinux2014_x86_64.whl", hash = "sha256:0f5d65c39f16717a47c36c756af0fb36144069c4718824b7533f803ecdf91138"},
    {file = "lxml-5.2.1-pp38-pypy38_pp73-manylinux_2_28_aarch64.whl", hash = "sha256:3d0c3dd24bb4605439bf91068598d00c6370684f8de4a67c2992683f6c309d6b"},
    {file = "lxml-5.2.1-pp38-pypy38_pp73-manylinux_2_28_x86_64.whl", hash = "sha256:e32be23d538753a8adb6c85bd539f5fd3b15cb987404327c569dfc5fd8366e85"},
    {file = "lxml-5.2.1-pp38-pypy38_pp73-win_amd64.whl", hash = "sha256:cc518cea79fd1e2f6c90baafa28906d4309d24f3a63e801d855e7424c5b34144"},
    {file = "lxml-5.2.1-pp39-pypy39_pp73-macosx_10_9_x86_64.whl", hash = "sha256:a0af35bd8ebf84888373630f73f24e86bf016642fb8576fba49d3d6b560b7cbc"},
    {file = "lxml-5.2.1-pp39-pypy39_pp73-manylinux_2_17_aarch64.manylinux2014_aarch64.whl", hash = "sha256:f8aca2e3a72f37bfc7b14ba96d4056244001ddcc18382bd0daa087fd2e68a354"},
    {file = "lxml-5.2.1-pp39-pypy39_pp73-manylinux_2_17_x86_64.manylinux2014_x86_64.whl", hash = "sha256:5ca1e8188b26a819387b29c3895c47a5e618708fe6f787f3b1a471de2c4a94d9"},
    {file = "lxml-5.2.1-pp39-pypy39_pp73-manylinux_2_28_aarch64.whl", hash = "sha256:c8ba129e6d3b0136a0f50345b2cb3db53f6bda5dd8c7f5d83fbccba97fb5dcb5"},
    {file = "lxml-5.2.1-pp39-pypy39_pp73-manylinux_2_28_x86_64.whl", hash = "sha256:e998e304036198b4f6914e6a1e2b6f925208a20e2042563d9734881150c6c246"},
    {file = "lxml-5.2.1-pp39-pypy39_pp73-win_amd64.whl", hash = "sha256:d3be9b2076112e51b323bdf6d5a7f8a798de55fb8d95fcb64bd179460cdc0704"},
    {file = "lxml-5.2.1.tar.gz", hash = "sha256:3f7765e69bbce0906a7c74d5fe46d2c7a7596147318dbc08e4a2431f3060e306"},
]

[[package]]
name = "nodeenv"
version = "1.8.0"
requires_python = ">=2.7,!=3.0.*,!=3.1.*,!=3.2.*,!=3.3.*,!=3.4.*,!=3.5.*,!=3.6.*"
summary = "Node.js virtual environment builder"
groups = ["default"]
dependencies = [
    "setuptools",
]
files = [
    {file = "nodeenv-1.8.0-py2.py3-none-any.whl", hash = "sha256:df865724bb3c3adc86b3876fa209771517b0cfe596beff01a92700e0e8be4cec"},
    {file = "nodeenv-1.8.0.tar.gz", hash = "sha256:d51e0c37e64fbf47d017feac3145cdbb58836d7eee8c6f6d3b6880c5456227d2"},
]

[[package]]
name = "platformdirs"
version = "4.2.0"
requires_python = ">=3.8"
summary = "A small Python package for determining appropriate platform-specific dirs, e.g. a \"user data dir\"."
groups = ["default"]
files = [
    {file = "platformdirs-4.2.0-py3-none-any.whl", hash = "sha256:0614df2a2f37e1a662acbd8e2b25b92ccf8632929bc6d43467e17fe89c75e068"},
    {file = "platformdirs-4.2.0.tar.gz", hash = "sha256:ef0cc731df711022c174543cb70a9b5bd22e5a9337c8624ef2c2ceb8ddad8768"},
]

[[package]]
name = "pre-commit"
version = "3.7.0"
requires_python = ">=3.9"
summary = "A framework for managing and maintaining multi-language pre-commit hooks."
groups = ["default"]
dependencies = [
    "cfgv>=2.0.0",
    "identify>=1.0.0",
    "nodeenv>=0.11.1",
    "pyyaml>=5.1",
    "virtualenv>=20.10.0",
]
files = [
    {file = "pre_commit-3.7.0-py2.py3-none-any.whl", hash = "sha256:5eae9e10c2b5ac51577c3452ec0a490455c45a0533f7960f993a0d01e59decab"},
    {file = "pre_commit-3.7.0.tar.gz", hash = "sha256:e209d61b8acdcf742404408531f0c37d49d2c734fd7cff2d6076083d191cb060"},
]

[[package]]
name = "psycopg2-binary"
version = "2.9.9"
requires_python = ">=3.7"
summary = "psycopg2 - Python-PostgreSQL Database Adapter"
groups = ["default"]
files = [
    {file = "psycopg2-binary-2.9.9.tar.gz", hash = "sha256:7f01846810177d829c7692f1f5ada8096762d9172af1b1a28d4ab5b77c923c1c"},
    {file = "psycopg2_binary-2.9.9-cp312-cp312-macosx_10_9_x86_64.whl", hash = "sha256:8532fd6e6e2dc57bcb3bc90b079c60de896d2128c5d9d6f24a63875a95a088cf"},
    {file = "psycopg2_binary-2.9.9-cp312-cp312-macosx_11_0_arm64.whl", hash = "sha256:b0605eaed3eb239e87df0d5e3c6489daae3f7388d455d0c0b4df899519c6a38d"},
    {file = "psycopg2_binary-2.9.9-cp312-cp312-manylinux_2_17_aarch64.manylinux2014_aarch64.whl", hash = "sha256:8f8544b092a29a6ddd72f3556a9fcf249ec412e10ad28be6a0c0d948924f2212"},
    {file = "psycopg2_binary-2.9.9-cp312-cp312-manylinux_2_17_i686.manylinux2014_i686.whl", hash = "sha256:2d423c8d8a3c82d08fe8af900ad5b613ce3632a1249fd6a223941d0735fce493"},
    {file = "psycopg2_binary-2.9.9-cp312-cp312-manylinux_2_17_ppc64le.manylinux2014_ppc64le.whl", hash = "sha256:2e5afae772c00980525f6d6ecf7cbca55676296b580c0e6abb407f15f3706996"},
    {file = "psycopg2_binary-2.9.9-cp312-cp312-manylinux_2_17_x86_64.manylinux2014_x86_64.whl", hash = "sha256:6e6f98446430fdf41bd36d4faa6cb409f5140c1c2cf58ce0bbdaf16af7d3f119"},
    {file = "psycopg2_binary-2.9.9-cp312-cp312-musllinux_1_1_aarch64.whl", hash = "sha256:c77e3d1862452565875eb31bdb45ac62502feabbd53429fdc39a1cc341d681ba"},
    {file = "psycopg2_binary-2.9.9-cp312-cp312-musllinux_1_1_i686.whl", hash = "sha256:cb16c65dcb648d0a43a2521f2f0a2300f40639f6f8c1ecbc662141e4e3e1ee07"},
    {file = "psycopg2_binary-2.9.9-cp312-cp312-musllinux_1_1_ppc64le.whl", hash = "sha256:911dda9c487075abd54e644ccdf5e5c16773470a6a5d3826fda76699410066fb"},
    {file = "psycopg2_binary-2.9.9-cp312-cp312-musllinux_1_1_x86_64.whl", hash = "sha256:57fede879f08d23c85140a360c6a77709113efd1c993923c59fde17aa27599fe"},
    {file = "psycopg2_binary-2.9.9-cp312-cp312-win32.whl", hash = "sha256:64cf30263844fa208851ebb13b0732ce674d8ec6a0c86a4e160495d299ba3c93"},
    {file = "psycopg2_binary-2.9.9-cp312-cp312-win_amd64.whl", hash = "sha256:81ff62668af011f9a48787564ab7eded4e9fb17a4a6a74af5ffa6a457400d2ab"},
]

[[package]]
name = "python-dotenv"
version = "1.0.1"
requires_python = ">=3.8"
summary = "Read key-value pairs from a .env file and set them as environment variables"
groups = ["default"]
files = [
    {file = "python-dotenv-1.0.1.tar.gz", hash = "sha256:e324ee90a023d808f1959c46bcbc04446a10ced277783dc6ee09987c37ec10ca"},
    {file = "python_dotenv-1.0.1-py3-none-any.whl", hash = "sha256:f7b63ef50f1b690dddf550d03497b66d609393b40b564ed0d674909a68ebf16a"},
]

[[package]]
name = "pyyaml"
version = "6.0.1"
requires_python = ">=3.6"
summary = "YAML parser and emitter for Python"
groups = ["default"]
files = [
    {file = "PyYAML-6.0.1-cp312-cp312-macosx_10_9_x86_64.whl", hash = "sha256:855fb52b0dc35af121542a76b9a84f8d1cd886ea97c84703eaa6d88e37a2ad28"},
    {file = "PyYAML-6.0.1-cp312-cp312-macosx_11_0_arm64.whl", hash = "sha256:40df9b996c2b73138957fe23a16a4f0ba614f4c0efce1e9406a184b6d07fa3a9"},
    {file = "PyYAML-6.0.1-cp312-cp312-manylinux_2_17_aarch64.manylinux2014_aarch64.whl", hash = "sha256:a08c6f0fe150303c1c6b71ebcd7213c2858041a7e01975da3a99aed1e7a378ef"},
    {file = "PyYAML-6.0.1-cp312-cp312-manylinux_2_17_x86_64.manylinux2014_x86_64.whl", hash = "sha256:6c22bec3fbe2524cde73d7ada88f6566758a8f7227bfbf93a408a9d86bcc12a0"},
    {file = "PyYAML-6.0.1-cp312-cp312-musllinux_1_1_x86_64.whl", hash = "sha256:8d4e9c88387b0f5c7d5f281e55304de64cf7f9c0021a3525bd3b1c542da3b0e4"},
    {file = "PyYAML-6.0.1-cp312-cp312-win32.whl", hash = "sha256:d483d2cdf104e7c9fa60c544d92981f12ad66a457afae824d146093b8c294c54"},
    {file = "PyYAML-6.0.1-cp312-cp312-win_amd64.whl", hash = "sha256:0d3304d8c0adc42be59c5f8a4d9e3d7379e6955ad754aa9d6ab7a398b59dd1df"},
    {file = "PyYAML-6.0.1.tar.gz", hash = "sha256:bfdf460b1736c775f2ba9f6a92bca30bc2095067b8a9d77876d1fad6cc3b4a43"},
]

[[package]]
name = "setuptools"
version = "69.5.1"
requires_python = ">=3.8"
summary = "Easily download, build, install, upgrade, and uninstall Python packages"
groups = ["default"]
files = [
    {file = "setuptools-69.5.1-py3-none-any.whl", hash = "sha256:c636ac361bc47580504644275c9ad802c50415c7522212252c033bd15f301f32"},
    {file = "setuptools-69.5.1.tar.gz", hash = "sha256:6c1fccdac05a97e598fb0ae3bbed5904ccb317337a51139dcd51453611bbb987"},
]

[[package]]
name = "tqdm"
version = "4.66.2"
requires_python = ">=3.7"
summary = "Fast, Extensible Progress Meter"
groups = ["default"]
dependencies = [
    "colorama; platform_system == \"Windows\"",
]
files = [
    {file = "tqdm-4.66.2-py3-none-any.whl", hash = "sha256:1ee4f8a893eb9bef51c6e35730cebf234d5d0b6bd112b0271e10ed7c24a02bd9"},
    {file = "tqdm-4.66.2.tar.gz", hash = "sha256:6cd52cdf0fef0e0f543299cfc96fec90d7b8a7e88745f411ec33eb44d5ed3531"},
]

[[package]]
name = "virtualenv"
version = "20.25.3"
requires_python = ">=3.7"
summary = "Virtual Python Environment builder"
groups = ["default"]
dependencies = [
    "distlib<1,>=0.3.7",
    "filelock<4,>=3.12.2",
    "platformdirs<5,>=3.9.1",
]
files = [
    {file = "virtualenv-20.25.3-py3-none-any.whl", hash = "sha256:8aac4332f2ea6ef519c648d0bc48a5b1d324994753519919bddbb1aff25a104e"},
    {file = "virtualenv-20.25.3.tar.gz", hash = "sha256:7bb554bbdfeaacc3349fa614ea5bff6ac300fc7c335e9facf3a3bcfc703f45be"},
]
